
Microsoft Visual Studio Solution File, Format Version 11.00
# Visual Studio 2010
Project("{FAE04EC0-301F-11D3-BF4B-00C04F79EFBC}") = "TestCSPSmartCard", "TestCSPSmartCard.csproj", "{5A197D58-7B34-47F9-99DA-9FE8D2603FFB}"
EndProject
Global
	GlobalSection(SolutionConfigurationPlatforms) = preSolution
		Debug|x86 = Debug|x86
		Release|x86 = Release|x86
	EndGlobalSection
	GlobalSection(ProjectConfigurationPlatforms) = postSolution
		{5A197D58-7B34-47F9-99DA-9FE8D2603FFB}.Debug|x86.ActiveCfg = Debug|x86
		{5A197D58-7B34-47F9-99DA-9FE8D2603FFB}.Debug|x86.Build.0 = Debug|x86
		{5A197D58-7B34-47F9-99DA-9FE8D2603FFB}.Release|x86.ActiveCfg = Release|x86
		{5A197D58-7B34-47F9-99DA-9FE8D2603FFB}.Release|x86.Build.0 = Release|x86
	EndGlobalSection
	GlobalSection(SolutionProperties) = preSolution
		HideSolutionNode = FALSE
	EndGlobalSection
EndGlobal
