
Microsoft Visual Studio Solution File, Format Version 9.00
# Visual Studio 2005
Project("{FAE04EC0-301F-11D3-BF4B-00C04F79EFBC}") = "CertEnum", "CertEnum.csproj", "{603CBAC3-DAC0-4DAD-B473-E6A8CD8BA3D6}"
EndProject
Global
	GlobalSection(SolutionConfigurationPlatforms) = preSolution
		Debug|Any CPU = Debug|Any CPU
		Release|Any CPU = Release|Any CPU
	EndGlobalSection
	GlobalSection(ProjectConfigurationPlatforms) = postSolution
		{603CBAC3-DAC0-4DAD-B473-E6A8CD8BA3D6}.Debug|Any CPU.ActiveCfg = Debug|Any CPU
		{603CBAC3-DAC0-4DAD-B473-E6A8CD8BA3D6}.Debug|Any CPU.Build.0 = Debug|Any CPU
		{603CBAC3-DAC0-4DAD-B473-E6A8CD8BA3D6}.Release|Any CPU.ActiveCfg = Release|Any CPU
		{603CBAC3-DAC0-4DAD-B473-E6A8CD8BA3D6}.Release|Any CPU.Build.0 = Release|Any CPU
	EndGlobalSection
	GlobalSection(SolutionProperties) = preSolution
		HideSolutionNode = FALSE
	EndGlobalSection
EndGlobal
