
Microsoft Visual Studio Solution File, Format Version 12.00
# Visual Studio 2013
VisualStudioVersion = 12.0.21005.1
MinimumVisualStudioVersion = 10.0.40219.1
Project("{FAE04EC0-301F-11D3-BF4B-00C04F79EFBC}") = "SignUsbToken", "SignUsbToken\SignUsbToken.csproj", "{D39E3F2D-FC97-43C0-BCE8-A572BD3C28AE}"
EndProject
Project("{FAE04EC0-301F-11D3-BF4B-00C04F79EFBC}") = "SignPackage", "SignPackage\SignPackage.csproj", "{27FFC3A2-A051-4FD3-A15D-776965916E79}"
EndProject
Project("{FAE04EC0-301F-11D3-BF4B-00C04F79EFBC}") = "SignLib", "SignLib\SignLib.csproj", "{E4326561-F409-4002-8178-BC9E1FC2F225}"
EndProject
Project("{FAE04EC0-301F-11D3-BF4B-00C04F79EFBC}") = "eTPKCS11DotNet", "eTPKCS11DotNet\eTPKCS11DotNet.csproj", "{38F69294-E340-41D6-87A8-FDB7321A2757}"
EndProject
Project("{FAE04EC0-301F-11D3-BF4B-00C04F79EFBC}") = "itextsharp", "itextsharp-src-core\itextsharp.csproj", "{84C4FDD9-3ED7-453B-B9DA-B3ED52CB071C}"
EndProject
Project("{FAE04EC0-301F-11D3-BF4B-00C04F79EFBC}") = "esDigitalSignature", "esDigitalSignature\esDigitalSignature.csproj", "{8FB944DB-70AE-40EB-BDF0-58031C1A9ECE}"
EndProject
Project("{FAE04EC0-301F-11D3-BF4B-00C04F79EFBC}") = "DemoSign", "DemoSign\DemoSign.csproj", "{8B500640-438F-4D87-AA64-B37C7D95CAA6}"
EndProject
Global
	GlobalSection(SolutionConfigurationPlatforms) = preSolution
		Debug_woDrawing|Any CPU = Debug_woDrawing|Any CPU
		Debug_woDrawing|Mixed Platforms = Debug_woDrawing|Mixed Platforms
		Debug_woDrawing|x86 = Debug_woDrawing|x86
		Debug|Any CPU = Debug|Any CPU
		Debug|Mixed Platforms = Debug|Mixed Platforms
		Debug|x86 = Debug|x86
		Release_woDrawing|Any CPU = Release_woDrawing|Any CPU
		Release_woDrawing|Mixed Platforms = Release_woDrawing|Mixed Platforms
		Release_woDrawing|x86 = Release_woDrawing|x86
		Release|Any CPU = Release|Any CPU
		Release|Mixed Platforms = Release|Mixed Platforms
		Release|x86 = Release|x86
	EndGlobalSection
	GlobalSection(ProjectConfigurationPlatforms) = postSolution
		{D39E3F2D-FC97-43C0-BCE8-A572BD3C28AE}.Debug_woDrawing|Any CPU.ActiveCfg = Debug|Any CPU
		{D39E3F2D-FC97-43C0-BCE8-A572BD3C28AE}.Debug_woDrawing|Any CPU.Build.0 = Debug|Any CPU
		{D39E3F2D-FC97-43C0-BCE8-A572BD3C28AE}.Debug_woDrawing|Mixed Platforms.ActiveCfg = Debug|x86
		{D39E3F2D-FC97-43C0-BCE8-A572BD3C28AE}.Debug_woDrawing|Mixed Platforms.Build.0 = Debug|x86
		{D39E3F2D-FC97-43C0-BCE8-A572BD3C28AE}.Debug_woDrawing|x86.ActiveCfg = Debug|x86
		{D39E3F2D-FC97-43C0-BCE8-A572BD3C28AE}.Debug_woDrawing|x86.Build.0 = Debug|x86
		{D39E3F2D-FC97-43C0-BCE8-A572BD3C28AE}.Debug|Any CPU.ActiveCfg = Debug|Any CPU
		{D39E3F2D-FC97-43C0-BCE8-A572BD3C28AE}.Debug|Any CPU.Build.0 = Debug|Any CPU
		{D39E3F2D-FC97-43C0-BCE8-A572BD3C28AE}.Debug|Mixed Platforms.ActiveCfg = Debug|x86
		{D39E3F2D-FC97-43C0-BCE8-A572BD3C28AE}.Debug|Mixed Platforms.Build.0 = Debug|x86
		{D39E3F2D-FC97-43C0-BCE8-A572BD3C28AE}.Debug|x86.ActiveCfg = Debug|x86
		{D39E3F2D-FC97-43C0-BCE8-A572BD3C28AE}.Debug|x86.Build.0 = Debug|x86
		{D39E3F2D-FC97-43C0-BCE8-A572BD3C28AE}.Release_woDrawing|Any CPU.ActiveCfg = Release|Any CPU
		{D39E3F2D-FC97-43C0-BCE8-A572BD3C28AE}.Release_woDrawing|Any CPU.Build.0 = Release|Any CPU
		{D39E3F2D-FC97-43C0-BCE8-A572BD3C28AE}.Release_woDrawing|Mixed Platforms.ActiveCfg = Release|x86
		{D39E3F2D-FC97-43C0-BCE8-A572BD3C28AE}.Release_woDrawing|Mixed Platforms.Build.0 = Release|x86
		{D39E3F2D-FC97-43C0-BCE8-A572BD3C28AE}.Release_woDrawing|x86.ActiveCfg = Release|x86
		{D39E3F2D-FC97-43C0-BCE8-A572BD3C28AE}.Release_woDrawing|x86.Build.0 = Release|x86
		{D39E3F2D-FC97-43C0-BCE8-A572BD3C28AE}.Release|Any CPU.ActiveCfg = Release|Any CPU
		{D39E3F2D-FC97-43C0-BCE8-A572BD3C28AE}.Release|Any CPU.Build.0 = Release|Any CPU
		{D39E3F2D-FC97-43C0-BCE8-A572BD3C28AE}.Release|Mixed Platforms.ActiveCfg = Release|x86
		{D39E3F2D-FC97-43C0-BCE8-A572BD3C28AE}.Release|Mixed Platforms.Build.0 = Release|x86
		{D39E3F2D-FC97-43C0-BCE8-A572BD3C28AE}.Release|x86.ActiveCfg = Release|x86
		{D39E3F2D-FC97-43C0-BCE8-A572BD3C28AE}.Release|x86.Build.0 = Release|x86
		{27FFC3A2-A051-4FD3-A15D-776965916E79}.Debug_woDrawing|Any CPU.ActiveCfg = Debug|Any CPU
		{27FFC3A2-A051-4FD3-A15D-776965916E79}.Debug_woDrawing|Any CPU.Build.0 = Debug|Any CPU
		{27FFC3A2-A051-4FD3-A15D-776965916E79}.Debug_woDrawing|Mixed Platforms.ActiveCfg = Debug|x86
		{27FFC3A2-A051-4FD3-A15D-776965916E79}.Debug_woDrawing|Mixed Platforms.Build.0 = Debug|x86
		{27FFC3A2-A051-4FD3-A15D-776965916E79}.Debug_woDrawing|x86.ActiveCfg = Debug|x86
		{27FFC3A2-A051-4FD3-A15D-776965916E79}.Debug_woDrawing|x86.Build.0 = Debug|x86
		{27FFC3A2-A051-4FD3-A15D-776965916E79}.Debug|Any CPU.ActiveCfg = Debug|Any CPU
		{27FFC3A2-A051-4FD3-A15D-776965916E79}.Debug|Any CPU.Build.0 = Debug|Any CPU
		{27FFC3A2-A051-4FD3-A15D-776965916E79}.Debug|Mixed Platforms.ActiveCfg = Debug|Any CPU
		{27FFC3A2-A051-4FD3-A15D-776965916E79}.Debug|Mixed Platforms.Build.0 = Debug|Any CPU
		{27FFC3A2-A051-4FD3-A15D-776965916E79}.Debug|x86.ActiveCfg = Debug|x86
		{27FFC3A2-A051-4FD3-A15D-776965916E79}.Debug|x86.Build.0 = Debug|x86
		{27FFC3A2-A051-4FD3-A15D-776965916E79}.Release_woDrawing|Any CPU.ActiveCfg = Release|Any CPU
		{27FFC3A2-A051-4FD3-A15D-776965916E79}.Release_woDrawing|Any CPU.Build.0 = Release|Any CPU
		{27FFC3A2-A051-4FD3-A15D-776965916E79}.Release_woDrawing|Mixed Platforms.ActiveCfg = Release|x86
		{27FFC3A2-A051-4FD3-A15D-776965916E79}.Release_woDrawing|Mixed Platforms.Build.0 = Release|x86
		{27FFC3A2-A051-4FD3-A15D-776965916E79}.Release_woDrawing|x86.ActiveCfg = Release|x86
		{27FFC3A2-A051-4FD3-A15D-776965916E79}.Release_woDrawing|x86.Build.0 = Release|x86
		{27FFC3A2-A051-4FD3-A15D-776965916E79}.Release|Any CPU.ActiveCfg = Release|Any CPU
		{27FFC3A2-A051-4FD3-A15D-776965916E79}.Release|Any CPU.Build.0 = Release|Any CPU
		{27FFC3A2-A051-4FD3-A15D-776965916E79}.Release|Mixed Platforms.ActiveCfg = Release|Any CPU
		{27FFC3A2-A051-4FD3-A15D-776965916E79}.Release|Mixed Platforms.Build.0 = Release|Any CPU
		{27FFC3A2-A051-4FD3-A15D-776965916E79}.Release|x86.ActiveCfg = Release|x86
		{27FFC3A2-A051-4FD3-A15D-776965916E79}.Release|x86.Build.0 = Release|x86
		{E4326561-F409-4002-8178-BC9E1FC2F225}.Debug_woDrawing|Any CPU.ActiveCfg = Debug|Any CPU
		{E4326561-F409-4002-8178-BC9E1FC2F225}.Debug_woDrawing|Any CPU.Build.0 = Debug|Any CPU
		{E4326561-F409-4002-8178-BC9E1FC2F225}.Debug_woDrawing|Mixed Platforms.ActiveCfg = Debug|x86
		{E4326561-F409-4002-8178-BC9E1FC2F225}.Debug_woDrawing|Mixed Platforms.Build.0 = Debug|x86
		{E4326561-F409-4002-8178-BC9E1FC2F225}.Debug_woDrawing|x86.ActiveCfg = Debug|x86
		{E4326561-F409-4002-8178-BC9E1FC2F225}.Debug_woDrawing|x86.Build.0 = Debug|x86
		{E4326561-F409-4002-8178-BC9E1FC2F225}.Debug|Any CPU.ActiveCfg = Debug|Any CPU
		{E4326561-F409-4002-8178-BC9E1FC2F225}.Debug|Any CPU.Build.0 = Debug|Any CPU
		{E4326561-F409-4002-8178-BC9E1FC2F225}.Debug|Mixed Platforms.ActiveCfg = Debug|Any CPU
		{E4326561-F409-4002-8178-BC9E1FC2F225}.Debug|Mixed Platforms.Build.0 = Debug|Any CPU
		{E4326561-F409-4002-8178-BC9E1FC2F225}.Debug|x86.ActiveCfg = Debug|x86
		{E4326561-F409-4002-8178-BC9E1FC2F225}.Debug|x86.Build.0 = Debug|x86
		{E4326561-F409-4002-8178-BC9E1FC2F225}.Release_woDrawing|Any CPU.ActiveCfg = Release|Any CPU
		{E4326561-F409-4002-8178-BC9E1FC2F225}.Release_woDrawing|Any CPU.Build.0 = Release|Any CPU
		{E4326561-F409-4002-8178-BC9E1FC2F225}.Release_woDrawing|Mixed Platforms.ActiveCfg = Release|x86
		{E4326561-F409-4002-8178-BC9E1FC2F225}.Release_woDrawing|Mixed Platforms.Build.0 = Release|x86
		{E4326561-F409-4002-8178-BC9E1FC2F225}.Release_woDrawing|x86.ActiveCfg = Release|x86
		{E4326561-F409-4002-8178-BC9E1FC2F225}.Release_woDrawing|x86.Build.0 = Release|x86
		{E4326561-F409-4002-8178-BC9E1FC2F225}.Release|Any CPU.ActiveCfg = Release|Any CPU
		{E4326561-F409-4002-8178-BC9E1FC2F225}.Release|Any CPU.Build.0 = Release|Any CPU
		{E4326561-F409-4002-8178-BC9E1FC2F225}.Release|Mixed Platforms.ActiveCfg = Release|Any CPU
		{E4326561-F409-4002-8178-BC9E1FC2F225}.Release|Mixed Platforms.Build.0 = Release|Any CPU
		{E4326561-F409-4002-8178-BC9E1FC2F225}.Release|x86.ActiveCfg = Release|x86
		{E4326561-F409-4002-8178-BC9E1FC2F225}.Release|x86.Build.0 = Release|x86
		{38F69294-E340-41D6-87A8-FDB7321A2757}.Debug_woDrawing|Any CPU.ActiveCfg = Debug|Any CPU
		{38F69294-E340-41D6-87A8-FDB7321A2757}.Debug_woDrawing|Any CPU.Build.0 = Debug|Any CPU
		{38F69294-E340-41D6-87A8-FDB7321A2757}.Debug_woDrawing|Mixed Platforms.ActiveCfg = Debug|x86
		{38F69294-E340-41D6-87A8-FDB7321A2757}.Debug_woDrawing|Mixed Platforms.Build.0 = Debug|x86
		{38F69294-E340-41D6-87A8-FDB7321A2757}.Debug_woDrawing|x86.ActiveCfg = Debug|x86
		{38F69294-E340-41D6-87A8-FDB7321A2757}.Debug_woDrawing|x86.Build.0 = Debug|x86
		{38F69294-E340-41D6-87A8-FDB7321A2757}.Debug|Any CPU.ActiveCfg = Debug|Any CPU
		{38F69294-E340-41D6-87A8-FDB7321A2757}.Debug|Any CPU.Build.0 = Debug|Any CPU
		{38F69294-E340-41D6-87A8-FDB7321A2757}.Debug|Mixed Platforms.ActiveCfg = Debug|Any CPU
		{38F69294-E340-41D6-87A8-FDB7321A2757}.Debug|Mixed Platforms.Build.0 = Debug|Any CPU
		{38F69294-E340-41D6-87A8-FDB7321A2757}.Debug|x86.ActiveCfg = Debug|x86
		{38F69294-E340-41D6-87A8-FDB7321A2757}.Debug|x86.Build.0 = Debug|x86
		{38F69294-E340-41D6-87A8-FDB7321A2757}.Release_woDrawing|Any CPU.ActiveCfg = Release|Any CPU
		{38F69294-E340-41D6-87A8-FDB7321A2757}.Release_woDrawing|Any CPU.Build.0 = Release|Any CPU
		{38F69294-E340-41D6-87A8-FDB7321A2757}.Release_woDrawing|Mixed Platforms.ActiveCfg = Release|x86
		{38F69294-E340-41D6-87A8-FDB7321A2757}.Release_woDrawing|Mixed Platforms.Build.0 = Release|x86
		{38F69294-E340-41D6-87A8-FDB7321A2757}.Release_woDrawing|x86.ActiveCfg = Release|x86
		{38F69294-E340-41D6-87A8-FDB7321A2757}.Release_woDrawing|x86.Build.0 = Release|x86
		{38F69294-E340-41D6-87A8-FDB7321A2757}.Release|Any CPU.ActiveCfg = Release|Any CPU
		{38F69294-E340-41D6-87A8-FDB7321A2757}.Release|Any CPU.Build.0 = Release|Any CPU
		{38F69294-E340-41D6-87A8-FDB7321A2757}.Release|Mixed Platforms.ActiveCfg = Release|Any CPU
		{38F69294-E340-41D6-87A8-FDB7321A2757}.Release|Mixed Platforms.Build.0 = Release|Any CPU
		{38F69294-E340-41D6-87A8-FDB7321A2757}.Release|x86.ActiveCfg = Release|x86
		{38F69294-E340-41D6-87A8-FDB7321A2757}.Release|x86.Build.0 = Release|x86
		{84C4FDD9-3ED7-453B-B9DA-B3ED52CB071C}.Debug_woDrawing|Any CPU.ActiveCfg = Debug_woDrawing|Any CPU
		{84C4FDD9-3ED7-453B-B9DA-B3ED52CB071C}.Debug_woDrawing|Any CPU.Build.0 = Debug_woDrawing|Any CPU
		{84C4FDD9-3ED7-453B-B9DA-B3ED52CB071C}.Debug_woDrawing|Mixed Platforms.ActiveCfg = Debug_woDrawing|Any CPU
		{84C4FDD9-3ED7-453B-B9DA-B3ED52CB071C}.Debug_woDrawing|Mixed Platforms.Build.0 = Debug_woDrawing|Any CPU
		{84C4FDD9-3ED7-453B-B9DA-B3ED52CB071C}.Debug_woDrawing|x86.ActiveCfg = Debug_woDrawing|Any CPU
		{84C4FDD9-3ED7-453B-B9DA-B3ED52CB071C}.Debug|Any CPU.ActiveCfg = Debug|Any CPU
		{84C4FDD9-3ED7-453B-B9DA-B3ED52CB071C}.Debug|Any CPU.Build.0 = Debug|Any CPU
		{84C4FDD9-3ED7-453B-B9DA-B3ED52CB071C}.Debug|Mixed Platforms.ActiveCfg = Debug|Any CPU
		{84C4FDD9-3ED7-453B-B9DA-B3ED52CB071C}.Debug|Mixed Platforms.Build.0 = Debug|Any CPU
		{84C4FDD9-3ED7-453B-B9DA-B3ED52CB071C}.Debug|x86.ActiveCfg = Debug|Any CPU
		{84C4FDD9-3ED7-453B-B9DA-B3ED52CB071C}.Release_woDrawing|Any CPU.ActiveCfg = Release_woDrawing|Any CPU
		{84C4FDD9-3ED7-453B-B9DA-B3ED52CB071C}.Release_woDrawing|Any CPU.Build.0 = Release_woDrawing|Any CPU
		{84C4FDD9-3ED7-453B-B9DA-B3ED52CB071C}.Release_woDrawing|Mixed Platforms.ActiveCfg = Release_woDrawing|Any CPU
		{84C4FDD9-3ED7-453B-B9DA-B3ED52CB071C}.Release_woDrawing|Mixed Platforms.Build.0 = Release_woDrawing|Any CPU
		{84C4FDD9-3ED7-453B-B9DA-B3ED52CB071C}.Release_woDrawing|x86.ActiveCfg = Release_woDrawing|Any CPU
		{84C4FDD9-3ED7-453B-B9DA-B3ED52CB071C}.Release|Any CPU.ActiveCfg = Release|Any CPU
		{84C4FDD9-3ED7-453B-B9DA-B3ED52CB071C}.Release|Any CPU.Build.0 = Release|Any CPU
		{84C4FDD9-3ED7-453B-B9DA-B3ED52CB071C}.Release|Mixed Platforms.ActiveCfg = Release|Any CPU
		{84C4FDD9-3ED7-453B-B9DA-B3ED52CB071C}.Release|Mixed Platforms.Build.0 = Release|Any CPU
		{84C4FDD9-3ED7-453B-B9DA-B3ED52CB071C}.Release|x86.ActiveCfg = Release|Any CPU
		{8FB944DB-70AE-40EB-BDF0-58031C1A9ECE}.Debug_woDrawing|Any CPU.ActiveCfg = Debug|Any CPU
		{8FB944DB-70AE-40EB-BDF0-58031C1A9ECE}.Debug_woDrawing|Any CPU.Build.0 = Debug|Any CPU
		{8FB944DB-70AE-40EB-BDF0-58031C1A9ECE}.Debug_woDrawing|Mixed Platforms.ActiveCfg = Debug|Any CPU
		{8FB944DB-70AE-40EB-BDF0-58031C1A9ECE}.Debug_woDrawing|Mixed Platforms.Build.0 = Debug|Any CPU
		{8FB944DB-70AE-40EB-BDF0-58031C1A9ECE}.Debug_woDrawing|x86.ActiveCfg = Debug|Any CPU
		{8FB944DB-70AE-40EB-BDF0-58031C1A9ECE}.Debug|Any CPU.ActiveCfg = Debug|Any CPU
		{8FB944DB-70AE-40EB-BDF0-58031C1A9ECE}.Debug|Any CPU.Build.0 = Debug|Any CPU
		{8FB944DB-70AE-40EB-BDF0-58031C1A9ECE}.Debug|Mixed Platforms.ActiveCfg = Debug|Any CPU
		{8FB944DB-70AE-40EB-BDF0-58031C1A9ECE}.Debug|Mixed Platforms.Build.0 = Debug|Any CPU
		{8FB944DB-70AE-40EB-BDF0-58031C1A9ECE}.Debug|x86.ActiveCfg = Debug|Any CPU
		{8FB944DB-70AE-40EB-BDF0-58031C1A9ECE}.Release_woDrawing|Any CPU.ActiveCfg = Release|Any CPU
		{8FB944DB-70AE-40EB-BDF0-58031C1A9ECE}.Release_woDrawing|Any CPU.Build.0 = Release|Any CPU
		{8FB944DB-70AE-40EB-BDF0-58031C1A9ECE}.Release_woDrawing|Mixed Platforms.ActiveCfg = Release|Any CPU
		{8FB944DB-70AE-40EB-BDF0-58031C1A9ECE}.Release_woDrawing|Mixed Platforms.Build.0 = Release|Any CPU
		{8FB944DB-70AE-40EB-BDF0-58031C1A9ECE}.Release_woDrawing|x86.ActiveCfg = Release|Any CPU
		{8FB944DB-70AE-40EB-BDF0-58031C1A9ECE}.Release|Any CPU.ActiveCfg = Release|Any CPU
		{8FB944DB-70AE-40EB-BDF0-58031C1A9ECE}.Release|Any CPU.Build.0 = Release|Any CPU
		{8FB944DB-70AE-40EB-BDF0-58031C1A9ECE}.Release|Mixed Platforms.ActiveCfg = Release|Any CPU
		{8FB944DB-70AE-40EB-BDF0-58031C1A9ECE}.Release|Mixed Platforms.Build.0 = Release|Any CPU
		{8FB944DB-70AE-40EB-BDF0-58031C1A9ECE}.Release|x86.ActiveCfg = Release|Any CPU
		{8B500640-438F-4D87-AA64-B37C7D95CAA6}.Debug_woDrawing|Any CPU.ActiveCfg = Debug|Any CPU
		{8B500640-438F-4D87-AA64-B37C7D95CAA6}.Debug_woDrawing|Any CPU.Build.0 = Debug|Any CPU
		{8B500640-438F-4D87-AA64-B37C7D95CAA6}.Debug_woDrawing|Mixed Platforms.ActiveCfg = Debug|Any CPU
		{8B500640-438F-4D87-AA64-B37C7D95CAA6}.Debug_woDrawing|Mixed Platforms.Build.0 = Debug|Any CPU
		{8B500640-438F-4D87-AA64-B37C7D95CAA6}.Debug_woDrawing|x86.ActiveCfg = Debug|Any CPU
		{8B500640-438F-4D87-AA64-B37C7D95CAA6}.Debug|Any CPU.ActiveCfg = Debug|Any CPU
		{8B500640-438F-4D87-AA64-B37C7D95CAA6}.Debug|Any CPU.Build.0 = Debug|Any CPU
		{8B500640-438F-4D87-AA64-B37C7D95CAA6}.Debug|Mixed Platforms.ActiveCfg = Debug|Any CPU
		{8B500640-438F-4D87-AA64-B37C7D95CAA6}.Debug|Mixed Platforms.Build.0 = Debug|Any CPU
		{8B500640-438F-4D87-AA64-B37C7D95CAA6}.Debug|x86.ActiveCfg = Debug|Any CPU
		{8B500640-438F-4D87-AA64-B37C7D95CAA6}.Release_woDrawing|Any CPU.ActiveCfg = Release|Any CPU
		{8B500640-438F-4D87-AA64-B37C7D95CAA6}.Release_woDrawing|Any CPU.Build.0 = Release|Any CPU
		{8B500640-438F-4D87-AA64-B37C7D95CAA6}.Release_woDrawing|Mixed Platforms.ActiveCfg = Release|Any CPU
		{8B500640-438F-4D87-AA64-B37C7D95CAA6}.Release_woDrawing|Mixed Platforms.Build.0 = Release|Any CPU
		{8B500640-438F-4D87-AA64-B37C7D95CAA6}.Release_woDrawing|x86.ActiveCfg = Release|Any CPU
		{8B500640-438F-4D87-AA64-B37C7D95CAA6}.Release|Any CPU.ActiveCfg = Release|Any CPU
		{8B500640-438F-4D87-AA64-B37C7D95CAA6}.Release|Any CPU.Build.0 = Release|Any CPU
		{8B500640-438F-4D87-AA64-B37C7D95CAA6}.Release|Mixed Platforms.ActiveCfg = Release|Any CPU
		{8B500640-438F-4D87-AA64-B37C7D95CAA6}.Release|Mixed Platforms.Build.0 = Release|Any CPU
		{8B500640-438F-4D87-AA64-B37C7D95CAA6}.Release|x86.ActiveCfg = Release|Any CPU
	EndGlobalSection
	GlobalSection(SolutionProperties) = preSolution
		HideSolutionNode = FALSE
	EndGlobalSection
EndGlobal
