
Microsoft Visual Studio Solution File, Format Version 11.00
# Visual Studio 2010
Project("{FAE04EC0-301F-11D3-BF4B-00C04F79EFBC}") = "CertEnum", "CertEnum\CertEnum.csproj", "{603CBAC3-DAC0-4DAD-B473-E6A8CD8BA3D6}"
EndProject
Project("{FAE04EC0-301F-11D3-BF4B-00C04F79EFBC}") = "eTPKCS11DotNet", "eTPKCS11DotNet\eTPKCS11DotNet.csproj", "{38F69294-E340-41D6-87A8-FDB7321A2757}"
EndProject
Project("{FAE04EC0-301F-11D3-BF4B-00C04F79EFBC}") = "EncryptDecrypt", "EncryptDecrypt\EncryptDecrypt.csproj", "{B7D3C185-5A46-48E9-907D-6444575D1758}"
EndProject
Global
	GlobalSection(SolutionConfigurationPlatforms) = preSolution
		Debug|Any CPU = Debug|Any CPU
		Release|Any CPU = Release|Any CPU
	EndGlobalSection
	GlobalSection(ProjectConfigurationPlatforms) = postSolution
		{603CBAC3-DAC0-4DAD-B473-E6A8CD8BA3D6}.Debug|Any CPU.ActiveCfg = Debug|Any CPU
		{603CBAC3-DAC0-4DAD-B473-E6A8CD8BA3D6}.Debug|Any CPU.Build.0 = Debug|Any CPU
		{603CBAC3-DAC0-4DAD-B473-E6A8CD8BA3D6}.Release|Any CPU.ActiveCfg = Release|Any CPU
		{603CBAC3-DAC0-4DAD-B473-E6A8CD8BA3D6}.Release|Any CPU.Build.0 = Release|Any CPU
		{38F69294-E340-41D6-87A8-FDB7321A2757}.Debug|Any CPU.ActiveCfg = Debug|Any CPU
		{38F69294-E340-41D6-87A8-FDB7321A2757}.Debug|Any CPU.Build.0 = Debug|Any CPU
		{38F69294-E340-41D6-87A8-FDB7321A2757}.Release|Any CPU.ActiveCfg = Release|Any CPU
		{38F69294-E340-41D6-87A8-FDB7321A2757}.Release|Any CPU.Build.0 = Release|Any CPU
		{B7D3C185-5A46-48E9-907D-6444575D1758}.Debug|Any CPU.ActiveCfg = Debug|Any CPU
		{B7D3C185-5A46-48E9-907D-6444575D1758}.Debug|Any CPU.Build.0 = Debug|Any CPU
		{B7D3C185-5A46-48E9-907D-6444575D1758}.Release|Any CPU.ActiveCfg = Release|Any CPU
		{B7D3C185-5A46-48E9-907D-6444575D1758}.Release|Any CPU.Build.0 = Release|Any CPU
	EndGlobalSection
	GlobalSection(SolutionProperties) = preSolution
		HideSolutionNode = FALSE
	EndGlobalSection
EndGlobal
